
Microsoft Visual Studio Solution File, Format Version 12.00
# Visual Studio Version 16
VisualStudioVersion = 16.0.31105.61
MinimumVisualStudioVersion = 10.0.40219.1
Project("{FAE04EC0-301F-11D3-BF4B-00C04F79EFBC}") = "Scala.Dapper.Wpf", "Scala.Dapper.Wpf\Scala.Dapper.Wpf.csproj", "{DB47F8D1-1819-4140-B5C2-768581C0B31E}"
EndProject
Project("{FAE04EC0-301F-11D3-BF4B-00C04F79EFBC}") = "Scala.Dapper.Core", "Scala.Dapper.Core\Scala.Dapper.Core.csproj", "{EAC54F5C-8A94-4AA5-880D-7F79AEE57A49}"
EndProject
Global
	GlobalSection(SolutionConfigurationPlatforms) = preSolution
		Debug|Any CPU = Debug|Any CPU
		Release|Any CPU = Release|Any CPU
	EndGlobalSection
	GlobalSection(ProjectConfigurationPlatforms) = postSolution
		{DB47F8D1-1819-4140-B5C2-768581C0B31E}.Debug|Any CPU.ActiveCfg = Debug|Any CPU
		{DB47F8D1-1819-4140-B5C2-768581C0B31E}.Debug|Any CPU.Build.0 = Debug|Any CPU
		{DB47F8D1-1819-4140-B5C2-768581C0B31E}.Release|Any CPU.ActiveCfg = Release|Any CPU
		{DB47F8D1-1819-4140-B5C2-768581C0B31E}.Release|Any CPU.Build.0 = Release|Any CPU
		{EAC54F5C-8A94-4AA5-880D-7F79AEE57A49}.Debug|Any CPU.ActiveCfg = Debug|Any CPU
		{EAC54F5C-8A94-4AA5-880D-7F79AEE57A49}.Debug|Any CPU.Build.0 = Debug|Any CPU
		{EAC54F5C-8A94-4AA5-880D-7F79AEE57A49}.Release|Any CPU.ActiveCfg = Release|Any CPU
		{EAC54F5C-8A94-4AA5-880D-7F79AEE57A49}.Release|Any CPU.Build.0 = Release|Any CPU
	EndGlobalSection
	GlobalSection(SolutionProperties) = preSolution
		HideSolutionNode = FALSE
	EndGlobalSection
	GlobalSection(ExtensibilityGlobals) = postSolution
		SolutionGuid = {C660E775-CDEA-40B5-B091-522DAFC17689}
	EndGlobalSection
EndGlobal
